
Microsoft Visual Studio Solution File, Format Version 12.00
# Visual Studio 16
Project("{FAE04EC0-301F-11D3-BF4B-00C04F79EFBC}") = "Assembly-CSharp", "Assembly-CSharp.csproj", "{DE83FEC9-C0A5-D7D4-3370-9F10998791D9}"
EndProject
Project("{FAE04EC0-301F-11D3-BF4B-00C04F79EFBC}") = "Assembly-CSharp-Editor", "Assembly-CSharp-Editor.csproj", "{1EBC3102-C387-954D-3920-051AD731CFA1}"
EndProject
Global
	GlobalSection(SolutionConfigurationPlatforms) = preSolution
		Debug|Any CPU = Debug|Any CPU
		Release|Any CPU = Release|Any CPU
	EndGlobalSection
	GlobalSection(ProjectConfigurationPlatforms) = postSolution
		{DE83FEC9-C0A5-D7D4-3370-9F10998791D9}.Debug|Any CPU.ActiveCfg = Debug|Any CPU
		{DE83FEC9-C0A5-D7D4-3370-9F10998791D9}.Debug|Any CPU.Build.0 = Debug|Any CPU
		{DE83FEC9-C0A5-D7D4-3370-9F10998791D9}.Release|Any CPU.ActiveCfg = Release|Any CPU
		{DE83FEC9-C0A5-D7D4-3370-9F10998791D9}.Release|Any CPU.Build.0 = Release|Any CPU
		{1EBC3102-C387-954D-3920-051AD731CFA1}.Debug|Any CPU.ActiveCfg = Debug|Any CPU
		{1EBC3102-C387-954D-3920-051AD731CFA1}.Debug|Any CPU.Build.0 = Debug|Any CPU
		{1EBC3102-C387-954D-3920-051AD731CFA1}.Release|Any CPU.ActiveCfg = Release|Any CPU
		{1EBC3102-C387-954D-3920-051AD731CFA1}.Release|Any CPU.Build.0 = Release|Any CPU
	EndGlobalSection
	GlobalSection(SolutionProperties) = preSolution
		HideSolutionNode = FALSE
	EndGlobalSection
	GlobalSection(MonoDevelopProperties) = preSolution
		StartupItem = Assembly-CSharp.csproj
	EndGlobalSection
EndGlobal
